// !$*UTF8*$!
{
	archiveVersion = 1;
	classes = {
	};
	objectVersion = 55;
	objects = {

/* Begin PBXBuildFile section */
		4EB5C9F428CDCF880073368E /* AppDelegate.swift in Sources */ = {isa = PBXBuildFile; fileRef = 4EB5C9F328CDCF880073368E /* AppDelegate.swift */; };
		4EB5C9F628CDCF880073368E /* SceneDelegate.swift in Sources */ = {isa = PBXBuildFile; fileRef = 4EB5C9F528CDCF880073368E /* SceneDelegate.swift */; };
		4EB5C9F828CDCF880073368E /* ViewController.swift in Sources */ = {isa = PBXBuildFile; fileRef = 4EB5C9F728CDCF880073368E /* ViewController.swift */; };
		4EB5C9FB28CDCF880073368E /* Main.storyboard in Resources */ = {isa = PBXBuildFile; fileRef = 4EB5C9F928CDCF880073368E /* Main.storyboard */; };
		4EB5C9FD28CDCF8A0073368E /* Assets.xcassets in Resources */ = {isa = PBXBuildFile; fileRef = 4EB5C9FC28CDCF8A0073368E /* Assets.xcassets */; };
		4EB5CA0028CDCF8A0073368E /* LaunchScreen.storyboard in Resources */ = {isa = PBXBuildFile; fileRef = 4EB5C9FE28CDCF8A0073368E /* LaunchScreen.storyboard */; };
		4EB5CA0B28CDCF8A0073368E /* SwiftProfileImagePickerTests.swift in Sources */ = {isa = PBXBuildFile; fileRef = 4EB5CA0A28CDCF8A0073368E /* SwiftProfileImagePickerTests.swift */; };
		4EB5CA1528CDCF8A0073368E /* SwiftProfileImagePickerUITests.swift in Sources */ = {isa = PBXBuildFile; fileRef = 4EB5CA1428CDCF8A0073368E /* SwiftProfileImagePickerUITests.swift */; };
		4EB5CA1728CDCF8A0073368E /* SwiftProfileImagePickerUITestsLaunchTests.swift in Sources */ = {isa = PBXBuildFile; fileRef = 4EB5CA1628CDCF8A0073368E /* SwiftProfileImagePickerUITestsLaunchTests.swift */; };
/* End PBXBuildFile section */

/* Begin PBXContainerItemProxy section */
		4EB5CA0728CDCF8A0073368E /* PBXContainerItemProxy */ = {
			isa = PBXContainerItemProxy;
			containerPortal = 4EB5C9E828CDCF880073368E /* Project object */;
			proxyType = 1;
			remoteGlobalIDString = 4EB5C9EF28CDCF880073368E;
			remoteInfo = SwiftProfileImagePicker;
		};
		4EB5CA1128CDCF8A0073368E /* PBXContainerItemProxy */ = {
			isa = PBXContainerItemProxy;
			containerPortal = 4EB5C9E828CDCF880073368E /* Project object */;
			proxyType = 1;
			remoteGlobalIDString = 4EB5C9EF28CDCF880073368E;
			remoteInfo = SwiftProfileImagePicker;
		};
/* End PBXContainerItemProxy section */

/* Begin PBXFileReference section */
		4EB5C9F028CDCF880073368E /* SwiftProfileImagePicker.app */ = {isa = PBXFileReference; explicitFileType = wrapper.application; includeInIndex = 0; path = SwiftProfileImagePicker.app; sourceTree = BUILT_PRODUCTS_DIR; };
		4EB5C9F328CDCF880073368E /* AppDelegate.swift */ = {isa = PBXFileReference; lastKnownFileType = sourcecode.swift; path = AppDelegate.swift; sourceTree = "<group>"; };
		4EB5C9F528CDCF880073368E /* SceneDelegate.swift */ = {isa = PBXFileReference; lastKnownFileType = sourcecode.swift; path = SceneDelegate.swift; sourceTree = "<group>"; };
		4EB5C9F728CDCF880073368E /* ViewController.swift */ = {isa = PBXFileReference; lastKnownFileType = sourcecode.swift; path = ViewController.swift; sourceTree = "<group>"; };
		4EB5C9FA28CDCF880073368E /* Base */ = {isa = PBXFileReference; lastKnownFileType = file.storyboard; name = Base; path = Base.lproj/Main.storyboard; sourceTree = "<group>"; };
		4EB5C9FC28CDCF8A0073368E /* Assets.xcassets */ = {isa = PBXFileReference; lastKnownFileType = folder.assetcatalog; path = Assets.xcassets; sourceTree = "<group>"; };
		4EB5C9FF28CDCF8A0073368E /* Base */ = {isa = PBXFileReference; lastKnownFileType = file.storyboard; name = Base; path = Base.lproj/LaunchScreen.storyboard; sourceTree = "<group>"; };
		4EB5CA0128CDCF8A0073368E /* Info.plist */ = {isa = PBXFileReference; lastKnownFileType = text.plist.xml; path = Info.plist; sourceTree = "<group>"; };
		4EB5CA0628CDCF8A0073368E /* SwiftProfileImagePickerTests.xctest */ = {isa = PBXFileReference; explicitFileType = wrapper.cfbundle; includeInIndex = 0; path = SwiftProfileImagePickerTests.xctest; sourceTree = BUILT_PRODUCTS_DIR; };
		4EB5CA0A28CDCF8A0073368E /* SwiftProfileImagePickerTests.swift */ = {isa = PBXFileReference; lastKnownFileType = sourcecode.swift; path = SwiftProfileImagePickerTests.swift; sourceTree = "<group>"; };
		4EB5CA1028CDCF8A0073368E /* SwiftProfileImagePickerUITests.xctest */ = {isa = PBXFileReference; explicitFileType = wrapper.cfbundle; includeInIndex = 0; path = SwiftProfileImagePickerUITests.xctest; sourceTree = BUILT_PRODUCTS_DIR; };
		4EB5CA1428CDCF8A0073368E /* SwiftProfileImagePickerUITests.swift */ = {isa = PBXFileReference; lastKnownFileType = sourcecode.swift; path = SwiftProfileImagePickerUITests.swift; sourceTree = "<group>"; };
		4EB5CA1628CDCF8A0073368E /* SwiftProfileImagePickerUITestsLaunchTests.swift */ = {isa = PBXFileReference; lastKnownFileType = sourcecode.swift; path = SwiftProfileImagePickerUITestsLaunchTests.swift; sourceTree = "<group>"; };
/* End PBXFileReference section */

/* Begin PBXFrameworksBuildPhase section */
		4EB5C9ED28CDCF880073368E /* Frameworks */ = {
			isa = PBXFrameworksBuildPhase;
			buildActionMask = 2147483647;
			files = (
			);
			runOnlyForDeploymentPostprocessing = 0;
		};
		4EB5CA0328CDCF8A0073368E /* Frameworks */ = {
			isa = PBXFrameworksBuildPhase;
			buildActionMask = 2147483647;
			files = (
			);
			runOnlyForDeploymentPostprocessing = 0;
		};
		4EB5CA0D28CDCF8A0073368E /* Frameworks */ = {
			isa = PBXFrameworksBuildPhase;
			buildActionMask = 2147483647;
			files = (
			);
			runOnlyForDeploymentPostprocessing = 0;
		};
/* End PBXFrameworksBuildPhase section */

/* Begin PBXGroup section */
		4EB5C9E728CDCF880073368E = {
			isa = PBXGroup;
			children = (
				4EB5C9F228CDCF880073368E /* SwiftProfileImagePicker */,
				4EB5CA0928CDCF8A0073368E /* SwiftProfileImagePickerTests */,
				4EB5CA1328CDCF8A0073368E /* SwiftProfileImagePickerUITests */,
				4EB5C9F128CDCF880073368E /* Products */,
			);
			sourceTree = "<group>";
		};
		4EB5C9F128CDCF880073368E /* Products */ = {
			isa = PBXGroup;
			children = (
				4EB5C9F028CDCF880073368E /* SwiftProfileImagePicker.app */,
				4EB5CA0628CDCF8A0073368E /* SwiftProfileImagePickerTests.xctest */,
				4EB5CA1028CDCF8A0073368E /* SwiftProfileImagePickerUITests.xctest */,
			);
			name = Products;
			sourceTree = "<group>";
		};
		4EB5C9F228CDCF880073368E /* SwiftProfileImagePicker */ = {
			isa = PBXGroup;
			children = (
				4EB5C9F328CDCF880073368E /* AppDelegate.swift */,
				4EB5C9F528CDCF880073368E /* SceneDelegate.swift */,
				4EB5C9F728CDCF880073368E /* ViewController.swift */,
				4EB5C9F928CDCF880073368E /* Main.storyboard */,
				4EB5C9FC28CDCF8A0073368E /* Assets.xcassets */,
				4EB5C9FE28CDCF8A0073368E /* LaunchScreen.storyboard */,
				4EB5CA0128CDCF8A0073368E /* Info.plist */,
			);
			path = SwiftProfileImagePicker;
			sourceTree = "<group>";
		};
		4EB5CA0928CDCF8A0073368E /* SwiftProfileImagePickerTests */ = {
			isa = PBXGroup;
			children = (
				4EB5CA0A28CDCF8A0073368E /* SwiftProfileImagePickerTests.swift */,
			);
			path = SwiftProfileImagePickerTests;
			sourceTree = "<group>";
		};
		4EB5CA1328CDCF8A0073368E /* SwiftProfileImagePickerUITests */ = {
			isa = PBXGroup;
			children = (
				4EB5CA1428CDCF8A0073368E /* SwiftProfileImagePickerUITests.swift */,
				4EB5CA1628CDCF8A0073368E /* SwiftProfileImagePickerUITestsLaunchTests.swift */,
			);
			path = SwiftProfileImagePickerUITests;
			sourceTree = "<group>";
		};
/* End PBXGroup section */

/* Begin PBXNativeTarget section */
		4EB5C9EF28CDCF880073368E /* SwiftProfileImagePicker */ = {
			isa = PBXNativeTarget;
			buildConfigurationList = 4EB5CA1A28CDCF8A0073368E /* Build configuration list for PBXNativeTarget "SwiftProfileImagePicker" */;
			buildPhases = (
				4EB5C9EC28CDCF880073368E /* Sources */,
				4EB5C9ED28CDCF880073368E /* Frameworks */,
				4EB5C9EE28CDCF880073368E /* Resources */,
			);
			buildRules = (
			);
			dependencies = (
			);
			name = SwiftProfileImagePicker;
			productName = SwiftProfileImagePicker;
			productReference = 4EB5C9F028CDCF880073368E /* SwiftProfileImagePicker.app */;
			productType = "com.apple.product-type.application";
		};
		4EB5CA0528CDCF8A0073368E /* SwiftProfileImagePickerTests */ = {
			isa = PBXNativeTarget;
			buildConfigurationList = 4EB5CA1D28CDCF8A0073368E /* Build configuration list for PBXNativeTarget "SwiftProfileImagePickerTests" */;
			buildPhases = (
				4EB5CA0228CDCF8A0073368E /* Sources */,
				4EB5CA0328CDCF8A0073368E /* Frameworks */,
				4EB5CA0428CDCF8A0073368E /* Resources */,
			);
			buildRules = (
			);
			dependencies = (
				4EB5CA0828CDCF8A0073368E /* PBXTargetDependency */,
			);
			name = SwiftProfileImagePickerTests;
			productName = SwiftProfileImagePickerTests;
			productReference = 4EB5CA0628CDCF8A0073368E /* SwiftProfileImagePickerTests.xctest */;
			productType = "com.apple.product-type.bundle.unit-test";
		};
		4EB5CA0F28CDCF8A0073368E /* SwiftProfileImagePickerUITests */ = {
			isa = PBXNativeTarget;
			buildConfigurationList = 4EB5CA2028CDCF8A0073368E /* Build configuration list for PBXNativeTarget "SwiftProfileImagePickerUITests" */;
			buildPhases = (
				4EB5CA0C28CDCF8A0073368E /* Sources */,
				4EB5CA0D28CDCF8A0073368E /* Frameworks */,
				4EB5CA0E28CDCF8A0073368E /* Resources */,
			);
			buildRules = (
			);
			dependencies = (
				4EB5CA1228CDCF8A0073368E /* PBXTargetDependency */,
			);
			name = SwiftProfileImagePickerUITests;
			productName = SwiftProfileImagePickerUITests;
			productReference = 4EB5CA1028CDCF8A0073368E /* SwiftProfileImagePickerUITests.xctest */;
			productType = "com.apple.product-type.bundle.ui-testing";
		};
/* End PBXNativeTarget section */

/* Begin PBXProject section */
		4EB5C9E828CDCF880073368E /* Project object */ = {
			isa = PBXProject;
			attributes = {
				BuildIndependentTargetsInParallel = 1;
				LastSwiftUpdateCheck = 1340;
				LastUpgradeCheck = 1340;
				TargetAttributes = {
					4EB5C9EF28CDCF880073368E = {
						CreatedOnToolsVersion = 13.4;
					};
					4EB5CA0528CDCF8A0073368E = {
						CreatedOnToolsVersion = 13.4;
						TestTargetID = 4EB5C9EF28CDCF880073368E;
					};
					4EB5CA0F28CDCF8A0073368E = {
						CreatedOnToolsVersion = 13.4;
						TestTargetID = 4EB5C9EF28CDCF880073368E;
					};
				};
			};
			buildConfigurationList = 4EB5C9EB28CDCF880073368E /* Build configuration list for PBXProject "SwiftProfileImagePicker" */;
			compatibilityVersion = "Xcode 13.0";
			developmentRegion = en;
			hasScannedForEncodings = 0;
			knownRegions = (
				en,
				Base,
			);
			mainGroup = 4EB5C9E728CDCF880073368E;
			productRefGroup = 4EB5C9F128CDCF880073368E /* Products */;
			projectDirPath = "";
			projectRoot = "";
			targets = (
				4EB5C9EF28CDCF880073368E /* SwiftProfileImagePicker */,
				4EB5CA0528CDCF8A0073368E /* SwiftProfileImagePickerTests */,
				4EB5CA0F28CDCF8A0073368E /* SwiftProfileImagePickerUITests */,
			);
		};
/* End PBXProject section */

/* Begin PBXResourcesBuildPhase section */
		4EB5C9EE28CDCF880073368E /* Resources */ = {
			isa = PBXResourcesBuildPhase;
			buildActionMask = 2147483647;
			files = (
				4EB5CA0028CDCF8A0073368E /* LaunchScreen.storyboard in Resources */,
				4EB5C9FD28CDCF8A0073368E /* Assets.xcassets in Resources */,
				4EB5C9FB28CDCF880073368E /* Main.storyboard in Resources */,
			);
			runOnlyForDeploymentPostprocessing = 0;
		};
		4EB5CA0428CDCF8A0073368E /* Resources */ = {
			isa = PBXResourcesBuildPhase;
			buildActionMask = 2147483647;
			files = (
			);
			runOnlyForDeploymentPostprocessing = 0;
		};
		4EB5CA0E28CDCF8A0073368E /* Resources */ = {
			isa = PBXResourcesBuildPhase;
			buildActionMask = 2147483647;
			files = (
			);
			runOnlyForDeploymentPostprocessing = 0;
		};
/* End PBXResourcesBuildPhase section */

/* Begin PBXSourcesBuildPhase section */
		4EB5C9EC28CDCF880073368E /* Sources */ = {
			isa = PBXSourcesBuildPhase;
			buildActionMask = 2147483647;
			files = (
				4EB5C9F828CDCF880073368E /* ViewController.swift in Sources */,
				4EB5C9F428CDCF880073368E /* AppDelegate.swift in Sources */,
				4EB5C9F628CDCF880073368E /* SceneDelegate.swift in Sources */,
			);
			runOnlyForDeploymentPostprocessing = 0;
		};
		4EB5CA0228CDCF8A0073368E /* Sources */ = {
			isa = PBXSourcesBuildPhase;
			buildActionMask = 2147483647;
			files = (
				4EB5CA0B28CDCF8A0073368E /* SwiftProfileImagePickerTests.swift in Sources */,
			);
			runOnlyForDeploymentPostprocessing = 0;
		};
		4EB5CA0C28CDCF8A0073368E /* Sources */ = {
			isa = PBXSourcesBuildPhase;
			buildActionMask = 2147483647;
			files = (
				4EB5CA1728CDCF8A0073368E /* SwiftProfileImagePickerUITestsLaunchTests.swift in Sources */,
				4EB5CA1528CDCF8A0073368E /* SwiftProfileImagePickerUITests.swift in Sources */,
			);
			runOnlyForDeploymentPostprocessing = 0;
		};
/* End PBXSourcesBuildPhase section */

/* Begin PBXTargetDependency section */
		4EB5CA0828CDCF8A0073368E /* PBXTargetDependency */ = {
			isa = PBXTargetDependency;
			target = 4EB5C9EF28CDCF880073368E /* SwiftProfileImagePicker */;
			targetProxy = 4EB5CA0728CDCF8A0073368E /* PBXContainerItemProxy */;
		};
		4EB5CA1228CDCF8A0073368E /* PBXTargetDependency */ = {
			isa = PBXTargetDependency;
			target = 4EB5C9EF28CDCF880073368E /* SwiftProfileImagePicker */;
			targetProxy = 4EB5CA1128CDCF8A0073368E /* PBXContainerItemProxy */;
		};
/* End PBXTargetDependency section */

/* Begin PBXVariantGroup section */
		4EB5C9F928CDCF880073368E /* Main.storyboard */ = {
			isa = PBXVariantGroup;
			children = (
				4EB5C9FA28CDCF880073368E /* Base */,
			);
			name = Main.storyboard;
			sourceTree = "<group>";
		};
		4EB5C9FE28CDCF8A0073368E /* LaunchScreen.storyboard */ = {
			isa = PBXVariantGroup;
			children = (
				4EB5C9FF28CDCF8A0073368E /* Base */,
			);
			name = LaunchScreen.storyboard;
			sourceTree = "<group>";
		};
/* End PBXVariantGroup section */

/* Begin XCBuildConfiguration section */
		4EB5CA1828CDCF8A0073368E /* Debug */ = {
			isa = XCBuildConfiguration;
			buildSettings = {
				ALWAYS_SEARCH_USER_PATHS = NO;
				CLANG_ANALYZER_NONNULL = YES;
				CLANG_ANALYZER_NUMBER_OBJECT_CONVERSION = YES_AGGRESSIVE;
				CLANG_CXX_LANGUAGE_STANDARD = "gnu++17";
				CLANG_ENABLE_MODULES = YES;
				CLANG_ENABLE_OBJC_ARC = YES;
				CLANG_ENABLE_OBJC_WEAK = YES;
				CLANG_WARN_BLOCK_CAPTURE_AUTORELEASING = YES;
				CLANG_WARN_BOOL_CONVERSION = YES;
				CLANG_WARN_COMMA = YES;
				CLANG_WARN_CONSTANT_CONVERSION = YES;
				CLANG_WARN_DEPRECATED_OBJC_IMPLEMENTATIONS = YES;
				CLANG_WARN_DIRECT_OBJC_ISA_USAGE = YES_ERROR;
				CLANG_WARN_DOCUMENTATION_COMMENTS = YES;
				CLANG_WARN_EMPTY_BODY = YES;
				CLANG_WARN_ENUM_CONVERSION = YES;
				CLANG_WARN_INFINITE_RECURSION = YES;
				CLANG_WARN_INT_CONVERSION = YES;
				CLANG_WARN_NON_LITERAL_NULL_CONVERSION = YES;
				CLANG_WARN_OBJC_IMPLICIT_RETAIN_SELF = YES;
				CLANG_WARN_OBJC_LITERAL_CONVERSION = YES;
				CLANG_WARN_OBJC_ROOT_CLASS = YES_ERROR;
				CLANG_WARN_QUOTED_INCLUDE_IN_FRAMEWORK_HEADER = YES;
				CLANG_WARN_RANGE_LOOP_ANALYSIS = YES;
				CLANG_WARN_STRICT_PROTOTYPES = YES;
				CLANG_WARN_SUSPICIOUS_MOVE = YES;
				CLANG_WARN_UNGUARDED_AVAILABILITY = YES_AGGRESSIVE;
				CLANG_WARN_UNREACHABLE_CODE = YES;
				CLANG_WARN__DUPLICATE_METHOD_MATCH = YES;
				COPY_PHASE_STRIP = NO;
				DEBUG_INFORMATION_FORMAT = dwarf;
				ENABLE_STRICT_OBJC_MSGSEND = YES;
				ENABLE_TESTABILITY = YES;
				GCC_C_LANGUAGE_STANDARD = gnu11;
				GCC_DYNAMIC_NO_PIC = NO;
				GCC_NO_COMMON_BLOCKS = YES;
				GCC_OPTIMIZATION_LEVEL = 0;
				GCC_PREPROCESSOR_DEFINITIONS = (
					"DEBUG=1",
					"$(inherited)",
				);
				GCC_WARN_64_TO_32_BIT_CONVERSION = YES;
				GCC_WARN_ABOUT_RETURN_TYPE = YES_ERROR;
				GCC_WARN_UNDECLARED_SELECTOR = YES;
				GCC_WARN_UNINITIALIZED_AUTOS = YES_AGGRESSIVE;
				GCC_WARN_UNUSED_FUNCTION = YES;
				GCC_WARN_UNUSED_VARIABLE = YES;
				IPHONEOS_DEPLOYMENT_TARGET = 15.5;
				MTL_ENABLE_DEBUG_INFO = INCLUDE_SOURCE;
				MTL_FAST_MATH = YES;
				ONLY_ACTIVE_ARCH = YES;
				SDKROOT = iphoneos;
				SWIFT_ACTIVE_COMPILATION_CONDITIONS = DEBUG;
				SWIFT_OPTIMIZATION_LEVEL = "-Onone";
			};
			name = Debug;
		};
		4EB5CA1928CDCF8A0073368E /* Release */ = {
			isa = XCBuildConfiguration;
			buildSettings = {
				ALWAYS_SEARCH_USER_PATHS = NO;
				CLANG_ANALYZER_NONNULL = YES;
				CLANG_ANALYZER_NUMBER_OBJECT_CONVERSION = YES_AGGRESSIVE;
				CLANG_CXX_LANGUAGE_STANDARD = "gnu++17";
				CLANG_ENABLE_MODULES = YES;
				CLANG_ENABLE_OBJC_ARC = YES;
				CLANG_ENABLE_OBJC_WEAK = YES;
				CLANG_WARN_BLOCK_CAPTURE_AUTORELEASING = YES;
				CLANG_WARN_BOOL_CONVERSION = YES;
				CLANG_WARN_COMMA = YES;
				CLANG_WARN_CONSTANT_CONVERSION = YES;
				CLANG_WARN_DEPRECATED_OBJC_IMPLEMENTATIONS = YES;
				CLANG_WARN_DIRECT_OBJC_ISA_USAGE = YES_ERROR;
				CLANG_WARN_DOCUMENTATION_COMMENTS = YES;
				CLANG_WARN_EMPTY_BODY = YES;
				CLANG_WARN_ENUM_CONVERSION = YES;
				CLANG_WARN_INFINITE_RECURSION = YES;
				CLANG_WARN_INT_CONVERSION = YES;
				CLANG_WARN_NON_LITERAL_NULL_CONVERSION = YES;
				CLANG_WARN_OBJC_IMPLICIT_RETAIN_SELF = YES;
				CLANG_WARN_OBJC_LITERAL_CONVERSION = YES;
				CLANG_WARN_OBJC_ROOT_CLASS = YES_ERROR;
				CLANG_WARN_QUOTED_INCLUDE_IN_FRAMEWORK_HEADER = YES;
				CLANG_WARN_RANGE_LOOP_ANALYSIS = YES;
				CLANG_WARN_STRICT_PROTOTYPES = YES;
				CLANG_WARN_SUSPICIOUS_MOVE = YES;
				CLANG_WARN_UNGUARDED_AVAILABILITY = YES_AGGRESSIVE;
				CLANG_WARN_UNREACHABLE_CODE = YES;
				CLANG_WARN__DUPLICATE_METHOD_MATCH = YES;
				COPY_PHASE_STRIP = NO;
				DEBUG_INFORMATION_FORMAT = "dwarf-with-dsym";
				ENABLE_NS_ASSERTIONS = NO;
				ENABLE_STRICT_OBJC_MSGSEND = YES;
				GCC_C_LANGUAGE_STANDARD = gnu11;
				GCC_NO_COMMON_BLOCKS = YES;
				GCC_WARN_64_TO_32_BIT_CONVERSION = YES;
				GCC_WARN_ABOUT_RETURN_TYPE = YES_ERROR;
				GCC_WARN_UNDECLARED_SELECTOR = YES;
				GCC_WARN_UNINITIALIZED_AUTOS = YES_AGGRESSIVE;
				GCC_WARN_UNUSED_FUNCTION = YES;
				GCC_WARN_UNUSED_VARIABLE = YES;
				IPHONEOS_DEPLOYMENT_TARGET = 15.5;
				MTL_ENABLE_DEBUG_INFO = NO;
				MTL_FAST_MATH = YES;
				SDKROOT = iphoneos;
				SWIFT_COMPILATION_MODE = wholemodule;
				SWIFT_OPTIMIZATION_LEVEL = "-O";
				VALIDATE_PRODUCT = YES;
			};
			name = Release;
		};
		4EB5CA1B28CDCF8A0073368E /* Debug */ = {
			isa = XCBuildConfiguration;
			buildSettings = {
				ASSETCATALOG_COMPILER_APPICON_NAME = AppIcon;
				ASSETCATALOG_COMPILER_GLOBAL_ACCENT_COLOR_NAME = AccentColor;
				CODE_SIGN_STYLE = Automatic;
				CURRENT_PROJECT_VERSION = 1;
				DEVELOPMENT_TEAM = 9JLHMMN8JQ;
				GENERATE_INFOPLIST_FILE = YES;
				INFOPLIST_FILE = SwiftProfileImagePicker/Info.plist;
				INFOPLIST_KEY_UIApplicationSupportsIndirectInputEvents = YES;
				INFOPLIST_KEY_UILaunchStoryboardName = LaunchScreen;
				INFOPLIST_KEY_UIMainStoryboardFile = Main;
				INFOPLIST_KEY_UISupportedInterfaceOrientations_iPad = "UIInterfaceOrientationPortrait UIInterfaceOrientationPortraitUpsideDown UIInterfaceOrientationLandscapeLeft UIInterfaceOrientationLandscapeRight";
				INFOPLIST_KEY_UISupportedInterfaceOrientations_iPhone = "UIInterfaceOrientationPortrait UIInterfaceOrientationLandscapeLeft UIInterfaceOrientationLandscapeRight";
				LD_RUNPATH_SEARCH_PATHS = (
					"$(inherited)",
					"@executable_path/Frameworks",
				);
				MARKETING_VERSION = 1.0;
				PRODUCT_BUNDLE_IDENTIFIER = com.world.blackbook.hellounderline.SwiftProfileImagePicker;
				PRODUCT_NAME = "$(TARGET_NAME)";
				SWIFT_EMIT_LOC_STRINGS = YES;
				SWIFT_VERSION = 5.0;
				TARGETED_DEVICE_FAMILY = "1,2";
			};
			name = Debug;
		};
		4EB5CA1C28CDCF8A0073368E /* Release */ = {
			isa = XCBuildConfiguration;
			buildSettings = {
				ASSETCATALOG_COMPILER_APPICON_NAME = AppIcon;
				ASSETCATALOG_COMPILER_GLOBAL_ACCENT_COLOR_NAME = AccentColor;
				CODE_SIGN_STYLE = Automatic;
				CURRENT_PROJECT_VERSION = 1;
				DEVELOPMENT_TEAM = 9JLHMMN8JQ;
				GENERATE_INFOPLIST_FILE = YES;
				INFOPLIST_FILE = SwiftProfileImagePicker/Info.plist;
				INFOPLIST_KEY_UIApplicationSupportsIndirectInputEvents = YES;
				INFOPLIST_KEY_UILaunchStoryboardName = LaunchScreen;
				INFOPLIST_KEY_UIMainStoryboardFile = Main;
				INFOPLIST_KEY_UISupportedInterfaceOrientations_iPad = "UIInterfaceOrientationPortrait UIInterfaceOrientationPortraitUpsideDown UIInterfaceOrientationLandscapeLeft UIInterfaceOrientationLandscapeRight";
				INFOPLIST_KEY_UISupportedInterfaceOrientations_iPhone = "UIInterfaceOrientationPortrait UIInterfaceOrientationLandscapeLeft UIInterfaceOrientationLandscapeRight";
				LD_RUNPATH_SEARCH_PATHS = (
					"$(inherited)",
					"@executable_path/Frameworks",
				);
				MARKETING_VERSION = 1.0;
				PRODUCT_BUNDLE_IDENTIFIER = com.world.blackbook.hellounderline.SwiftProfileImagePicker;
				PRODUCT_NAME = "$(TARGET_NAME)";
				SWIFT_EMIT_LOC_STRINGS = YES;
				SWIFT_VERSION = 5.0;
				TARGETED_DEVICE_FAMILY = "1,2";
			};
			name = Release;
		};
		4EB5CA1E28CDCF8A0073368E /* Debug */ = {
			isa = XCBuildConfiguration;
			buildSettings = {
				ALWAYS_EMBED_SWIFT_STANDARD_LIBRARIES = YES;
				BUNDLE_LOADER = "$(TEST_HOST)";
				CODE_SIGN_STYLE = Automatic;
				CURRENT_PROJECT_VERSION = 1;
				DEVELOPMENT_TEAM = 9JLHMMN8JQ;
				GENERATE_INFOPLIST_FILE = YES;
				IPHONEOS_DEPLOYMENT_TARGET = 15.5;
				MARKETING_VERSION = 1.0;
				PRODUCT_BUNDLE_IDENTIFIER = com.world.blackbook.hellounderline.SwiftProfileImagePickerTests;
				PRODUCT_NAME = "$(TARGET_NAME)";
				SWIFT_EMIT_LOC_STRINGS = NO;
				SWIFT_VERSION = 5.0;
				TARGETED_DEVICE_FAMILY = "1,2";
				TEST_HOST = "$(BUILT_PRODUCTS_DIR)/SwiftProfileImagePicker.app/SwiftProfileImagePicker";
			};
			name = Debug;
		};
		4EB5CA1F28CDCF8A0073368E /* Release */ = {
			isa = XCBuildConfiguration;
			buildSettings = {
				ALWAYS_EMBED_SWIFT_STANDARD_LIBRARIES = YES;
				BUNDLE_LOADER = "$(TEST_HOST)";
				CODE_SIGN_STYLE = Automatic;
				CURRENT_PROJECT_VERSION = 1;
				DEVELOPMENT_TEAM = 9JLHMMN8JQ;
				GENERATE_INFOPLIST_FILE = YES;
				IPHONEOS_DEPLOYMENT_TARGET = 15.5;
				MARKETING_VERSION = 1.0;
				PRODUCT_BUNDLE_IDENTIFIER = com.world.blackbook.hellounderline.SwiftProfileImagePickerTests;
				PRODUCT_NAME = "$(TARGET_NAME)";
				SWIFT_EMIT_LOC_STRINGS = NO;
				SWIFT_VERSION = 5.0;
				TARGETED_DEVICE_FAMILY = "1,2";
				TEST_HOST = "$(BUILT_PRODUCTS_DIR)/SwiftProfileImagePicker.app/SwiftProfileImagePicker";
			};
			name = Release;
		};
		4EB5CA2128CDCF8A0073368E /* Debug */ = {
			isa = XCBuildConfiguration;
			buildSettings = {
				ALWAYS_EMBED_SWIFT_STANDARD_LIBRARIES = YES;
				CODE_SIGN_STYLE = Automatic;
				CURRENT_PROJECT_VERSION = 1;
				DEVELOPMENT_TEAM = 9JLHMMN8JQ;
				GENERATE_INFOPLIST_FILE = YES;
				MARKETING_VERSION = 1.0;
				PRODUCT_BUNDLE_IDENTIFIER = com.world.blackbook.hellounderline.SwiftProfileImagePickerUITests;
				PRODUCT_NAME = "$(TARGET_NAME)";
				SWIFT_EMIT_LOC_STRINGS = NO;
				SWIFT_VERSION = 5.0;
				TARGETED_DEVICE_FAMILY = "1,2";
				TEST_TARGET_NAME = SwiftProfileImagePicker;
			};
			name = Debug;
		};
		4EB5CA2228CDCF8A0073368E /* Release */ = {
			isa = XCBuildConfiguration;
			buildSettings = {
				ALWAYS_EMBED_SWIFT_STANDARD_LIBRARIES = YES;
				CODE_SIGN_STYLE = Automatic;
				CURRENT_PROJECT_VERSION = 1;
				DEVELOPMENT_TEAM = 9JLHMMN8JQ;
				GENERATE_INFOPLIST_FILE = YES;
				MARKETING_VERSION = 1.0;
				PRODUCT_BUNDLE_IDENTIFIER = com.world.blackbook.hellounderline.SwiftProfileImagePickerUITests;
				PRODUCT_NAME = "$(TARGET_NAME)";
				SWIFT_EMIT_LOC_STRINGS = NO;
				SWIFT_VERSION = 5.0;
				TARGETED_DEVICE_FAMILY = "1,2";
				TEST_TARGET_NAME = SwiftProfileImagePicker;
			};
			name = Release;
		};
/* End XCBuildConfiguration section */

/* Begin XCConfigurationList section */
		4EB5C9EB28CDCF880073368E /* Build configuration list for PBXProject "SwiftProfileImagePicker" */ = {
			isa = XCConfigurationList;
			buildConfigurations = (
				4EB5CA1828CDCF8A0073368E /* Debug */,
				4EB5CA1928CDCF8A0073368E /* Release */,
			);
			defaultConfigurationIsVisible = 0;
			defaultConfigurationName = Release;
		};
		4EB5CA1A28CDCF8A0073368E /* Build configuration list for PBXNativeTarget "SwiftProfileImagePicker" */ = {
			isa = XCConfigurationList;
			buildConfigurations = (
				4EB5CA1B28CDCF8A0073368E /* Debug */,
				4EB5CA1C28CDCF8A0073368E /* Release */,
			);
			defaultConfigurationIsVisible = 0;
			defaultConfigurationName = Release;
		};
		4EB5CA1D28CDCF8A0073368E /* Build configuration list for PBXNativeTarget "SwiftProfileImagePickerTests" */ = {
			isa = XCConfigurationList;
			buildConfigurations = (
				4EB5CA1E28CDCF8A0073368E /* Debug */,
				4EB5CA1F28CDCF8A0073368E /* Release */,
			);
			defaultConfigurationIsVisible = 0;
			defaultConfigurationName = Release;
		};
		4EB5CA2028CDCF8A0073368E /* Build configuration list for PBXNativeTarget "SwiftProfileImagePickerUITests" */ = {
			isa = XCConfigurationList;
			buildConfigurations = (
				4EB5CA2128CDCF8A0073368E /* Debug */,
				4EB5CA2228CDCF8A0073368E /* Release */,
			);
			defaultConfigurationIsVisible = 0;
			defaultConfigurationName = Release;
		};
/* End XCConfigurationList section */
	};
	rootObject = 4EB5C9E828CDCF880073368E /* Project object */;
}
